
Microsoft Visual Studio Solution File, Format Version 12.00
# Visual Studio 15
VisualStudioVersion = 15.0.27130.2036
MinimumVisualStudioVersion = 10.0.40219.1
Project("{FAE04EC0-301F-11D3-BF4B-00C04F79EFBC}") = "LoLSets.Web", "LoLSets.Web\LoLSets.Web.csproj", "{C6A390AE-D12F-44D4-A023-2735660B685E}"
EndProject
Project("{FAE04EC0-301F-11D3-BF4B-00C04F79EFBC}") = "LoLSets.Core", "LoLSets.Core\LoLSets.Core.csproj", "{6FFCBB9C-044F-4C65-AC47-6A391AE22F84}"
EndProject
Project("{FAE04EC0-301F-11D3-BF4B-00C04F79EFBC}") = "LoLSets.Infrastructure", "LoLSets.Infrastructure\LoLSets.Infrastructure.csproj", "{E482FB37-5573-4403-AC66-D86938E955BE}"
EndProject
Global
	GlobalSection(SolutionConfigurationPlatforms) = preSolution
		Debug|Any CPU = Debug|Any CPU
		Release|Any CPU = Release|Any CPU
	EndGlobalSection
	GlobalSection(ProjectConfigurationPlatforms) = postSolution
		{C6A390AE-D12F-44D4-A023-2735660B685E}.Debug|Any CPU.ActiveCfg = Debug|Any CPU
		{C6A390AE-D12F-44D4-A023-2735660B685E}.Debug|Any CPU.Build.0 = Debug|Any CPU
		{C6A390AE-D12F-44D4-A023-2735660B685E}.Release|Any CPU.ActiveCfg = Release|Any CPU
		{C6A390AE-D12F-44D4-A023-2735660B685E}.Release|Any CPU.Build.0 = Release|Any CPU
		{6FFCBB9C-044F-4C65-AC47-6A391AE22F84}.Debug|Any CPU.ActiveCfg = Debug|Any CPU
		{6FFCBB9C-044F-4C65-AC47-6A391AE22F84}.Debug|Any CPU.Build.0 = Debug|Any CPU
		{6FFCBB9C-044F-4C65-AC47-6A391AE22F84}.Release|Any CPU.ActiveCfg = Release|Any CPU
		{6FFCBB9C-044F-4C65-AC47-6A391AE22F84}.Release|Any CPU.Build.0 = Release|Any CPU
		{E482FB37-5573-4403-AC66-D86938E955BE}.Debug|Any CPU.ActiveCfg = Debug|Any CPU
		{E482FB37-5573-4403-AC66-D86938E955BE}.Debug|Any CPU.Build.0 = Debug|Any CPU
		{E482FB37-5573-4403-AC66-D86938E955BE}.Release|Any CPU.ActiveCfg = Release|Any CPU
		{E482FB37-5573-4403-AC66-D86938E955BE}.Release|Any CPU.Build.0 = Release|Any CPU
	EndGlobalSection
	GlobalSection(SolutionProperties) = preSolution
		HideSolutionNode = FALSE
	EndGlobalSection
	GlobalSection(ExtensibilityGlobals) = postSolution
		SolutionGuid = {0CD7B761-E7F4-4D15-83D0-DAE056E3D1C9}
	EndGlobalSection
EndGlobal
